<?xml version="1.0" encoding="utf-8"?>
<Project ToolsVersion="4.0" xmlns="http://schemas.microsoft.com/developer/msbuild/2003">
  <ItemGroup>
    <Filter Include="Source Files">
      <UniqueIdentifier>{4FC737F1-C7A5-4376-A066-2A32D752A2FF}</UniqueIdentifier>
      <Extensions>cpp;c;cc;cxx;def;odl;idl;hpj;bat;asm;asmx</Extensions>
    </Filter>
    <Filter Include="Header Files">
      <UniqueIdentifier>{93995380-89BD-4b04-88EB-625FBE52EBFB}</UniqueIdentifier>
      <Extensions>h;hh;hpp;hxx;hm;inl;inc;xsd</Extensions>
    </Filter>
    <Filter Include="Resource Files">
      <UniqueIdentifier>{67DA6AB6-F800-4c08-8B7A-83BB121AAD01}</UniqueIdentifier>
      <Extensions>rc;ico;cur;bmp;dlg;rc2;rct;bin;rgs;gif;jpg;jpeg;jpe;resx;tiff;tif;png;wav;mfcribbon-ms</Extensions>
    </Filter>
  </ItemGroup>
  <ItemGroup>
    <Text Include="ReadMe.txt" />
    <Text Include="StandaloneAppNoLib.cpp.txt" />
  </ItemGroup>
  <ItemGroup>
    <ClInclude Include="stdafx.h">
      <Filter>Header Files</Filter>
    </ClInclude>
    <ClInclude Include="targetver.h">
      <Filter>Header Files</Filter>
    </ClInclude>
    <ClInclude Include="include\imqair.hpp">
      <Filter>Header Files</Filter>
    </ClInclude>
    <ClInclude Include="include\imqbin.hpp">
      <Filter>Header Files</Filter>
    </ClInclude>
    <ClInclude Include="include\imqcac.hpp">
      <Filter>Header Files</Filter>
    </ClInclude>
    <ClInclude Include="include\imqchl.hpp">
      <Filter>Header Files</Filter>
    </ClInclude>
    <ClInclude Include="include\imqcih.hpp">
      <Filter>Header Files</Filter>
    </ClInclude>
    <ClInclude Include="include\imqdlh.hpp">
      <Filter>Header Files</Filter>
    </ClInclude>
    <ClInclude Include="include\imqdst.hpp">
      <Filter>Header Files</Filter>
    </ClInclude>
    <ClInclude Include="include\imqerr.hpp">
      <Filter>Header Files</Filter>
    </ClInclude>
    <ClInclude Include="include\imqgmo.hpp">
      <Filter>Header Files</Filter>
    </ClInclude>
    <ClInclude Include="include\imqhdr.hpp">
      <Filter>Header Files</Filter>
    </ClInclude>
    <ClInclude Include="include\imqi.hpp">
      <Filter>Header Files</Filter>
    </ClInclude>
    <ClInclude Include="include\imqiih.hpp">
      <Filter>Header Files</Filter>
    </ClInclude>
    <ClInclude Include="include\imqitm.hpp">
      <Filter>Header Files</Filter>
    </ClInclude>
    <ClInclude Include="include\imqmgr.hpp">
      <Filter>Header Files</Filter>
    </ClInclude>
    <ClInclude Include="include\imqmsg.hpp">
      <Filter>Header Files</Filter>
    </ClInclude>
    <ClInclude Include="include\imqmtr.hpp">
      <Filter>Header Files</Filter>
    </ClInclude>
    <ClInclude Include="include\imqnml.hpp">
      <Filter>Header Files</Filter>
    </ClInclude>
    <ClInclude Include="include\imqobj.hpp">
      <Filter>Header Files</Filter>
    </ClInclude>
    <ClInclude Include="include\imqpmo.hpp">
      <Filter>Header Files</Filter>
    </ClInclude>
    <ClInclude Include="include\imqpro.hpp">
      <Filter>Header Files</Filter>
    </ClInclude>
    <ClInclude Include="include\imqque.hpp">
      <Filter>Header Files</Filter>
    </ClInclude>
    <ClInclude Include="include\imqrfh.hpp">
      <Filter>Header Files</Filter>
    </ClInclude>
    <ClInclude Include="include\imqstr.hpp">
      <Filter>Header Files</Filter>
    </ClInclude>
    <ClInclude Include="include\imqtrg.hpp">
      <Filter>Header Files</Filter>
    </ClInclude>
    <ClInclude Include="include\imqtype.h">
      <Filter>Header Files</Filter>
    </ClInclude>
    <ClInclude Include="include\imqwih.hpp">
      <Filter>Header Files</Filter>
    </ClInclude>
    <ClInclude Include="include\amqsvmha.h">
      <Filter>Header Files</Filter>
    </ClInclude>
    <ClInclude Include="include\cmqbc.h">
      <Filter>Header Files</Filter>
    </ClInclude>
    <ClInclude Include="include\cmqc.h">
      <Filter>Header Files</Filter>
    </ClInclude>
    <ClInclude Include="include\cmqcfc.h">
      <Filter>Header Files</Filter>
    </ClInclude>
    <ClInclude Include="include\cmqec.h">
      <Filter>Header Files</Filter>
    </ClInclude>
    <ClInclude Include="include\cmqpsc.h">
      <Filter>Header Files</Filter>
    </ClInclude>
    <ClInclude Include="include\cmqxc.h">
      <Filter>Header Files</Filter>
    </ClInclude>
    <ClInclude Include="include\cmqzc.h">
      <Filter>Header Files</Filter>
    </ClInclude>
  </ItemGroup>
  <ItemGroup>
    <ClCompile Include="stdafx.cpp">
      <Filter>Source Files</Filter>
    </ClCompile>
    <ClCompile Include="CppMqtest4.cpp">
      <Filter>Source Files</Filter>
    </ClCompile>
  </ItemGroup>
</Project>